{
    "_readme": [
        "This file locks the dependencies of your project to a known state",
        "Read more about it at https://getcomposer.org/doc/01-basic-usage.md#installing-dependencies",
        "This file is @generated automatically"
    ],
    "content-hash": "3d7ce9c5e48408b19a9923c1e0cc2993",
    "packages": [
        {
            "name": "cecil/theme-garth",
            "version": "1.3.0",
            "source": {
                "type": "git",
                "url": "https://github.com/Cecilapp/theme-garth.git",
                "reference": "da4177da859fb20d0017defdd50d863af59b5f50"
            },
            "dist": {
                "type": "zip",
                "url": "https://api.github.com/repos/Cecilapp/theme-garth/zipball/da4177da859fb20d0017defdd50d863af59b5f50",
                "reference": "da4177da859fb20d0017defdd50d863af59b5f50",
                "shasum": ""
            },
            "require": {
                "cecil/theme-installer": "^1.4"
            },
            "type": "cecil-theme",
            "extra": {
                "name": "garth",
                "branch-alias": {
                    "dev-master": "1.x-dev"
                }
            },
            "notification-url": "https://packagist.org/downloads/",
            "license": [
                "MIT"
            ],
            "description": "Cecil Garth theme",
            "keywords": [
                "Garth",
                "cecil",
                "theme"
            ],
            "support": {
                "issues": "https://github.com/Cecilapp/theme-garth/issues",
                "source": "https://github.com/Cecilapp/theme-garth/tree/1.3.0"
            },
            "funding": [
                {
                    "url": "https://www.paypal.me/narno",
                    "type": "custom"
                },
                {
                    "url": "https://github.com/Narno",
                    "type": "github"
                }
            ],
            "time": "2021-06-20T22:20:49+00:00"
        },
        {
            "name": "cecil/theme-installer",
            "version": "1.4.3",
            "source": {
                "type": "git",
                "url": "https://github.com/Cecilapp/theme-installer.git",
                "reference": "20038a142b0e201f23bc4a5a3b97b6149d599178"
            },
            "dist": {
                "type": "zip",
                "url": "https://api.github.com/repos/Cecilapp/theme-installer/zipball/20038a142b0e201f23bc4a5a3b97b6149d599178",
                "reference": "20038a142b0e201f23bc4a5a3b97b6149d599178",
                "shasum": ""
            },
            "require": {
                "composer-plugin-api": ">=1.0"
            },
            "require-dev": {
                "composer/composer": ">=1.0"
            },
            "type": "composer-plugin",
            "extra": {
                "class": "Cecil\\Installer\\Composer\\CecilPlugin",
                "branch-alias": {
                    "dev-master": "1.x-dev"
                }
            },
            "autoload": {
                "psr-0": {
                    "Cecil\\Installer\\Composer": "src/"
                }
            },
            "notification-url": "https://packagist.org/downloads/",
            "license": [
                "MIT"
            ],
            "authors": [
                {
                    "name": "Arnaud Ligny",
                    "email": "arnaud@ligny.org",
                    "homepage": "https://arnaudligny.fr",
                    "role": "Developer"
                }
            ],
            "description": "Installer for Cecil themes",
            "keywords": [
                "cecil",
                "installer",
                "themes"
            ],
            "support": {
                "issues": "https://github.com/Cecilapp/theme-installer/issues",
                "source": "https://github.com/Cecilapp/theme-installer/tree/1.4.3"
            },
            "funding": [
                {
                    "url": "https://www.paypal.me/narno",
                    "type": "custom"
                },
                {
                    "url": "https://github.com/Narno",
                    "type": "github"
                }
            ],
            "time": "2021-04-29T23:05:14+00:00"
        },
        {
            "name": "cecil/theme-netlify",
            "version": "1.1.6",
            "source": {
                "type": "git",
                "url": "https://github.com/Cecilapp/theme-netlify.git",
                "reference": "8b6f164606cdcbea951e9de0c26c9cf5e1f24900"
            },
            "dist": {
                "type": "zip",
                "url": "https://api.github.com/repos/Cecilapp/theme-netlify/zipball/8b6f164606cdcbea951e9de0c26c9cf5e1f24900",
                "reference": "8b6f164606cdcbea951e9de0c26c9cf5e1f24900",
                "shasum": ""
            },
            "require": {
                "cecil/theme-installer": "^1.4"
            },
            "type": "cecil-theme",
            "extra": {
                "name": "netlify",
                "branch-alias": {
                    "dev-master": "1.x-dev"
                }
            },
            "notification-url": "https://packagist.org/downloads/",
            "license": [
                "MIT"
            ],
            "description": "Cecil component theme Netlify",
            "keywords": [
                "cecil",
                "netlify",
                "theme"
            ],
            "support": {
                "issues": "https://github.com/Cecilapp/theme-netlify/issues",
                "source": "https://github.com/Cecilapp/theme-netlify/tree/1.1.6"
            },
            "funding": [
                {
                    "url": "https://www.paypal.me/narno",
                    "type": "custom"
                },
                {
                    "url": "https://github.com/Narno",
                    "type": "github"
                }
            ],
            "time": "2021-02-07T01:42:40+00:00"
        },
        {
            "name": "cecil/theme-serviceworker",
            "version": "1.9.5",
            "source": {
                "type": "git",
                "url": "https://github.com/Cecilapp/theme-serviceworker.git",
                "reference": "620dc9bdb60cd96e8d6b22676ba48c886d32cf44"
            },
            "dist": {
                "type": "zip",
                "url": "https://api.github.com/repos/Cecilapp/theme-serviceworker/zipball/620dc9bdb60cd96e8d6b22676ba48c886d32cf44",
                "reference": "620dc9bdb60cd96e8d6b22676ba48c886d32cf44",
                "shasum": ""
            },
            "require": {
                "cecil/theme-installer": "^1.4"
            },
            "type": "cecil-theme",
            "extra": {
                "name": "serviceworker",
                "branch-alias": {
                    "dev-master": "1.x-dev"
                }
            },
            "notification-url": "https://packagist.org/downloads/",
            "license": [
                "MIT"
            ],
            "description": "Cecil component theme service worker",
            "keywords": [
                "cecil",
                "service worker",
                "theme"
            ],
            "support": {
                "issues": "https://github.com/Cecilapp/theme-serviceworker/issues",
                "source": "https://github.com/Cecilapp/theme-serviceworker/tree/1.9.5"
            },
            "funding": [
                {
                    "url": "https://www.paypal.me/narno",
                    "type": "custom"
                },
                {
                    "url": "https://github.com/Narno",
                    "type": "github"
                },
                {
                    "url": "https://opencollective.com/cecil",
                    "type": "open_collective"
                }
            ],
            "time": "2021-09-15T23:44:45+00:00"
        }
    ],
    "packages-dev": [],
    "aliases": [],
    "minimum-stability": "stable",
    "stability-flags": [],
    "prefer-stable": false,
    "prefer-lowest": false,
    "platform": [],
    "platform-dev": [],
    "plugin-api-version": "2.1.0"
}
