{
  "requires": true,
  "lockfileVersion": 1,
  "dependencies": {
    "netlify-plugin-cecil-cache": {
      "version": "0.1.1",
      "resolved": "https://registry.npmjs.org/netlify-plugin-cecil-cache/-/netlify-plugin-cecil-cache-0.1.1.tgz",
      "integrity": "sha512-5iDyRM8dcA+qPYGAKpbllA/YT+KtOHjArZ8FUEaAPquaRBvpAciZGR4y2Rpo7MTMeMT5jxR1P5QBYoohvRn0HA==",
      "dev": true
    }
  }
}
